
Microsoft Visual Studio Solution File, Format Version 12.00
# Visual Studio Version 17
VisualStudioVersion = 17.11.35312.102
MinimumVisualStudioVersion = 10.0.40219.1
Project("{FAE04EC0-301F-11D3-BF4B-00C04F79EFBC}") = "Task Scheduler", "Task Scheduler\Task Scheduler.csproj", "{9B64CC3A-CD7A-4C8D-B5CE-3F40E8600390}"
EndProject
Global
	GlobalSection(SolutionConfigurationPlatforms) = preSolution
		Debug|Any CPU = Debug|Any CPU
		Release|Any CPU = Release|Any CPU
	EndGlobalSection
	GlobalSection(ProjectConfigurationPlatforms) = postSolution
		{9B64CC3A-CD7A-4C8D-B5CE-3F40E8600390}.Debug|Any CPU.ActiveCfg = Debug|Any CPU
		{9B64CC3A-CD7A-4C8D-B5CE-3F40E8600390}.Debug|Any CPU.Build.0 = Debug|Any CPU
		{9B64CC3A-CD7A-4C8D-B5CE-3F40E8600390}.Release|Any CPU.ActiveCfg = Release|Any CPU
		{9B64CC3A-CD7A-4C8D-B5CE-3F40E8600390}.Release|Any CPU.Build.0 = Release|Any CPU
	EndGlobalSection
	GlobalSection(SolutionProperties) = preSolution
		HideSolutionNode = FALSE
	EndGlobalSection
	GlobalSection(ExtensibilityGlobals) = postSolution
		SolutionGuid = {3BA9EEDE-2282-4D61-A6F8-03D65F2A1686}
	EndGlobalSection
EndGlobal
